
Microsoft Visual Studio Solution File, Format Version 12.00
# Visual Studio Version 17
VisualStudioVersion = 17.3.32804.467
MinimumVisualStudioVersion = 10.0.40219.1
Project("{2150E333-8FDC-42A3-9474-1A3956D46DE8}") = "src", "src", "{A971AC1B-07E4-4D1B-A3D5-BE184EA20E42}"
EndProject
Project("{9A19103F-16F7-4668-BE54-9A1E7A4F7556}") = "InnoSetupReaderDotNet", "src\InnoSetupReaderDotNet\InnoSetupReaderDotNet.csproj", "{03AA124C-4581-46F3-9D61-99C9052AF631}"
EndProject
Project("{2150E333-8FDC-42A3-9474-1A3956D46DE8}") = "test", "test", "{EF4441F8-3FF1-400E-841F-B5841269EBC7}"
EndProject
Project("{9A19103F-16F7-4668-BE54-9A1E7A4F7556}") = "InnoSetupReaderDotNet.UnitTests", "test\InnoSetupReaderDotNet.UnitTests\InnoSetupReaderDotNet.UnitTests.csproj", "{297298A3-E5AA-4BC6-B8CE-C902B06C627E}"
EndProject
Project("{8BC9CEB8-8B4A-11D0-8D11-00A0C91BC942}") = "InnoSetupReaderDotNet.LzmaDecoderSize", "src\InnoSetupReaderDotNet.LzmaDecoderSize\InnoSetupReaderDotNet.LzmaDecoderSize.vcxproj", "{9B0BA42D-BE15-438C-86EF-EDA423858F15}"
EndProject
Global
	GlobalSection(SolutionConfigurationPlatforms) = preSolution
		Debug|Any CPU = Debug|Any CPU
		Debug|x64 = Debug|x64
		Debug|x86 = Debug|x86
		Release|Any CPU = Release|Any CPU
		Release|x64 = Release|x64
		Release|x86 = Release|x86
	EndGlobalSection
	GlobalSection(ProjectConfigurationPlatforms) = postSolution
		{03AA124C-4581-46F3-9D61-99C9052AF631}.Debug|Any CPU.ActiveCfg = Debug|Any CPU
		{03AA124C-4581-46F3-9D61-99C9052AF631}.Debug|Any CPU.Build.0 = Debug|Any CPU
		{03AA124C-4581-46F3-9D61-99C9052AF631}.Debug|x64.ActiveCfg = Debug|Any CPU
		{03AA124C-4581-46F3-9D61-99C9052AF631}.Debug|x64.Build.0 = Debug|Any CPU
		{03AA124C-4581-46F3-9D61-99C9052AF631}.Debug|x86.ActiveCfg = Debug|Any CPU
		{03AA124C-4581-46F3-9D61-99C9052AF631}.Debug|x86.Build.0 = Debug|Any CPU
		{03AA124C-4581-46F3-9D61-99C9052AF631}.Release|Any CPU.ActiveCfg = Release|Any CPU
		{03AA124C-4581-46F3-9D61-99C9052AF631}.Release|Any CPU.Build.0 = Release|Any CPU
		{03AA124C-4581-46F3-9D61-99C9052AF631}.Release|x64.ActiveCfg = Release|Any CPU
		{03AA124C-4581-46F3-9D61-99C9052AF631}.Release|x64.Build.0 = Release|Any CPU
		{03AA124C-4581-46F3-9D61-99C9052AF631}.Release|x86.ActiveCfg = Release|Any CPU
		{03AA124C-4581-46F3-9D61-99C9052AF631}.Release|x86.Build.0 = Release|Any CPU
		{297298A3-E5AA-4BC6-B8CE-C902B06C627E}.Debug|Any CPU.ActiveCfg = Debug|Any CPU
		{297298A3-E5AA-4BC6-B8CE-C902B06C627E}.Debug|Any CPU.Build.0 = Debug|Any CPU
		{297298A3-E5AA-4BC6-B8CE-C902B06C627E}.Debug|x64.ActiveCfg = Debug|Any CPU
		{297298A3-E5AA-4BC6-B8CE-C902B06C627E}.Debug|x64.Build.0 = Debug|Any CPU
		{297298A3-E5AA-4BC6-B8CE-C902B06C627E}.Debug|x86.ActiveCfg = Debug|Any CPU
		{297298A3-E5AA-4BC6-B8CE-C902B06C627E}.Debug|x86.Build.0 = Debug|Any CPU
		{297298A3-E5AA-4BC6-B8CE-C902B06C627E}.Release|Any CPU.ActiveCfg = Release|Any CPU
		{297298A3-E5AA-4BC6-B8CE-C902B06C627E}.Release|Any CPU.Build.0 = Release|Any CPU
		{297298A3-E5AA-4BC6-B8CE-C902B06C627E}.Release|x64.ActiveCfg = Release|Any CPU
		{297298A3-E5AA-4BC6-B8CE-C902B06C627E}.Release|x64.Build.0 = Release|Any CPU
		{297298A3-E5AA-4BC6-B8CE-C902B06C627E}.Release|x86.ActiveCfg = Release|Any CPU
		{297298A3-E5AA-4BC6-B8CE-C902B06C627E}.Release|x86.Build.0 = Release|Any CPU
		{9B0BA42D-BE15-438C-86EF-EDA423858F15}.Debug|Any CPU.ActiveCfg = Debug|x64
		{9B0BA42D-BE15-438C-86EF-EDA423858F15}.Debug|Any CPU.Build.0 = Debug|x64
		{9B0BA42D-BE15-438C-86EF-EDA423858F15}.Debug|x64.ActiveCfg = Debug|x64
		{9B0BA42D-BE15-438C-86EF-EDA423858F15}.Debug|x64.Build.0 = Debug|x64
		{9B0BA42D-BE15-438C-86EF-EDA423858F15}.Debug|x86.ActiveCfg = Debug|Win32
		{9B0BA42D-BE15-438C-86EF-EDA423858F15}.Debug|x86.Build.0 = Debug|Win32
		{9B0BA42D-BE15-438C-86EF-EDA423858F15}.Release|Any CPU.ActiveCfg = Release|x64
		{9B0BA42D-BE15-438C-86EF-EDA423858F15}.Release|Any CPU.Build.0 = Release|x64
		{9B0BA42D-BE15-438C-86EF-EDA423858F15}.Release|x64.ActiveCfg = Release|x64
		{9B0BA42D-BE15-438C-86EF-EDA423858F15}.Release|x64.Build.0 = Release|x64
		{9B0BA42D-BE15-438C-86EF-EDA423858F15}.Release|x86.ActiveCfg = Release|Win32
		{9B0BA42D-BE15-438C-86EF-EDA423858F15}.Release|x86.Build.0 = Release|Win32
	EndGlobalSection
	GlobalSection(SolutionProperties) = preSolution
		HideSolutionNode = FALSE
	EndGlobalSection
	GlobalSection(NestedProjects) = preSolution
		{03AA124C-4581-46F3-9D61-99C9052AF631} = {A971AC1B-07E4-4D1B-A3D5-BE184EA20E42}
		{297298A3-E5AA-4BC6-B8CE-C902B06C627E} = {EF4441F8-3FF1-400E-841F-B5841269EBC7}
		{9B0BA42D-BE15-438C-86EF-EDA423858F15} = {A971AC1B-07E4-4D1B-A3D5-BE184EA20E42}
	EndGlobalSection
	GlobalSection(ExtensibilityGlobals) = postSolution
		SolutionGuid = {05787BAA-82CB-4D60-97E8-FE1C250B2161}
	EndGlobalSection
EndGlobal
